
Microsoft Visual Studio Solution File, Format Version 12.00
# Visual Studio Version 17
VisualStudioVersion = 17.12.35707.178
MinimumVisualStudioVersion = 10.0.40219.1
Project("{FAE04EC0-301F-11D3-BF4B-00C04F79EFBC}") = "Kunai", "Kunai\Kunai.csproj", "{FEACA5A3-E0B1-4D73-9681-4D8B7AA10B22}"
EndProject
Project("{FAE04EC0-301F-11D3-BF4B-00C04F79EFBC}") = "FileTypeRegisterService", "FileTypeRegisterService\FileTypeRegisterService.csproj", "{6A112CEA-8CA7-436A-A8A1-9B64417A2181}"
EndProject
Project("{FAE04EC0-301F-11D3-BF4B-00C04F79EFBC}") = "SharpNeedle", "SharpNeedle\Source\SharpNeedle\SharpNeedle.csproj", "{BAF1397D-5982-421F-9A71-010BEA2A9550}"
EndProject
Project("{FAE04EC0-301F-11D3-BF4B-00C04F79EFBC}") = "Amicitia.IO", "SharpNeedle\Source\Dependencies\Amicitia.IO\src\Amicitia.IO\Amicitia.IO.csproj", "{FAB5C125-55BB-454C-A591-7C2A8F6E65BA}"
EndProject
Project("{FAE04EC0-301F-11D3-BF4B-00C04F79EFBC}") = "libWiiSharp", "libWiiSharp\libWiiSharp.csproj", "{39DE8587-A96C-4798-A0CA-B99575E57F13}"
EndProject
Global
	GlobalSection(SolutionConfigurationPlatforms) = preSolution
		Debug|Any CPU = Debug|Any CPU
		Debug|x64 = Debug|x64
		Debug|x86 = Debug|x86
		Release|Any CPU = Release|Any CPU
		Release|x64 = Release|x64
		Release|x86 = Release|x86
	EndGlobalSection
	GlobalSection(ProjectConfigurationPlatforms) = postSolution
		{FEACA5A3-E0B1-4D73-9681-4D8B7AA10B22}.Debug|Any CPU.ActiveCfg = Debug|Any CPU
		{FEACA5A3-E0B1-4D73-9681-4D8B7AA10B22}.Debug|Any CPU.Build.0 = Debug|Any CPU
		{FEACA5A3-E0B1-4D73-9681-4D8B7AA10B22}.Debug|x64.ActiveCfg = Debug|Any CPU
		{FEACA5A3-E0B1-4D73-9681-4D8B7AA10B22}.Debug|x64.Build.0 = Debug|Any CPU
		{FEACA5A3-E0B1-4D73-9681-4D8B7AA10B22}.Debug|x86.ActiveCfg = Debug|x86
		{FEACA5A3-E0B1-4D73-9681-4D8B7AA10B22}.Debug|x86.Build.0 = Debug|x86
		{FEACA5A3-E0B1-4D73-9681-4D8B7AA10B22}.Release|Any CPU.ActiveCfg = Release|Any CPU
		{FEACA5A3-E0B1-4D73-9681-4D8B7AA10B22}.Release|Any CPU.Build.0 = Release|Any CPU
		{FEACA5A3-E0B1-4D73-9681-4D8B7AA10B22}.Release|x64.ActiveCfg = Release|Any CPU
		{FEACA5A3-E0B1-4D73-9681-4D8B7AA10B22}.Release|x64.Build.0 = Release|Any CPU
		{FEACA5A3-E0B1-4D73-9681-4D8B7AA10B22}.Release|x86.ActiveCfg = Release|x86
		{FEACA5A3-E0B1-4D73-9681-4D8B7AA10B22}.Release|x86.Build.0 = Release|x86
		{6A112CEA-8CA7-436A-A8A1-9B64417A2181}.Debug|Any CPU.ActiveCfg = Debug|Any CPU
		{6A112CEA-8CA7-436A-A8A1-9B64417A2181}.Debug|Any CPU.Build.0 = Debug|Any CPU
		{6A112CEA-8CA7-436A-A8A1-9B64417A2181}.Debug|x64.ActiveCfg = Debug|Any CPU
		{6A112CEA-8CA7-436A-A8A1-9B64417A2181}.Debug|x64.Build.0 = Debug|Any CPU
		{6A112CEA-8CA7-436A-A8A1-9B64417A2181}.Debug|x86.ActiveCfg = Debug|x86
		{6A112CEA-8CA7-436A-A8A1-9B64417A2181}.Debug|x86.Build.0 = Debug|x86
		{6A112CEA-8CA7-436A-A8A1-9B64417A2181}.Release|Any CPU.ActiveCfg = Release|Any CPU
		{6A112CEA-8CA7-436A-A8A1-9B64417A2181}.Release|Any CPU.Build.0 = Release|Any CPU
		{6A112CEA-8CA7-436A-A8A1-9B64417A2181}.Release|x64.ActiveCfg = Release|Any CPU
		{6A112CEA-8CA7-436A-A8A1-9B64417A2181}.Release|x64.Build.0 = Release|Any CPU
		{6A112CEA-8CA7-436A-A8A1-9B64417A2181}.Release|x86.ActiveCfg = Release|x86
		{6A112CEA-8CA7-436A-A8A1-9B64417A2181}.Release|x86.Build.0 = Release|x86
		{BAF1397D-5982-421F-9A71-010BEA2A9550}.Debug|Any CPU.ActiveCfg = Debug|Any CPU
		{BAF1397D-5982-421F-9A71-010BEA2A9550}.Debug|Any CPU.Build.0 = Debug|Any CPU
		{BAF1397D-5982-421F-9A71-010BEA2A9550}.Debug|x64.ActiveCfg = Debug|Any CPU
		{BAF1397D-5982-421F-9A71-010BEA2A9550}.Debug|x64.Build.0 = Debug|Any CPU
		{BAF1397D-5982-421F-9A71-010BEA2A9550}.Debug|x86.ActiveCfg = Debug|x86
		{BAF1397D-5982-421F-9A71-010BEA2A9550}.Debug|x86.Build.0 = Debug|x86
		{BAF1397D-5982-421F-9A71-010BEA2A9550}.Release|Any CPU.ActiveCfg = Release|Any CPU
		{BAF1397D-5982-421F-9A71-010BEA2A9550}.Release|Any CPU.Build.0 = Release|Any CPU
		{BAF1397D-5982-421F-9A71-010BEA2A9550}.Release|x64.ActiveCfg = Release|Any CPU
		{BAF1397D-5982-421F-9A71-010BEA2A9550}.Release|x64.Build.0 = Release|Any CPU
		{BAF1397D-5982-421F-9A71-010BEA2A9550}.Release|x86.ActiveCfg = Release|x86
		{BAF1397D-5982-421F-9A71-010BEA2A9550}.Release|x86.Build.0 = Release|x86
		{FAB5C125-55BB-454C-A591-7C2A8F6E65BA}.Debug|Any CPU.ActiveCfg = Debug|Any CPU
		{FAB5C125-55BB-454C-A591-7C2A8F6E65BA}.Debug|Any CPU.Build.0 = Debug|Any CPU
		{FAB5C125-55BB-454C-A591-7C2A8F6E65BA}.Debug|x64.ActiveCfg = Debug|Any CPU
		{FAB5C125-55BB-454C-A591-7C2A8F6E65BA}.Debug|x64.Build.0 = Debug|Any CPU
		{FAB5C125-55BB-454C-A591-7C2A8F6E65BA}.Debug|x86.ActiveCfg = Debug|x86
		{FAB5C125-55BB-454C-A591-7C2A8F6E65BA}.Debug|x86.Build.0 = Debug|x86
		{FAB5C125-55BB-454C-A591-7C2A8F6E65BA}.Release|Any CPU.ActiveCfg = Release|Any CPU
		{FAB5C125-55BB-454C-A591-7C2A8F6E65BA}.Release|Any CPU.Build.0 = Release|Any CPU
		{FAB5C125-55BB-454C-A591-7C2A8F6E65BA}.Release|x64.ActiveCfg = Release|Any CPU
		{FAB5C125-55BB-454C-A591-7C2A8F6E65BA}.Release|x64.Build.0 = Release|Any CPU
		{FAB5C125-55BB-454C-A591-7C2A8F6E65BA}.Release|x86.ActiveCfg = Release|x86
		{FAB5C125-55BB-454C-A591-7C2A8F6E65BA}.Release|x86.Build.0 = Release|x86
		{39DE8587-A96C-4798-A0CA-B99575E57F13}.Debug|Any CPU.ActiveCfg = Debug|Any CPU
		{39DE8587-A96C-4798-A0CA-B99575E57F13}.Debug|Any CPU.Build.0 = Debug|Any CPU
		{39DE8587-A96C-4798-A0CA-B99575E57F13}.Debug|x64.ActiveCfg = Debug|Any CPU
		{39DE8587-A96C-4798-A0CA-B99575E57F13}.Debug|x64.Build.0 = Debug|Any CPU
		{39DE8587-A96C-4798-A0CA-B99575E57F13}.Debug|x86.ActiveCfg = Debug|Any CPU
		{39DE8587-A96C-4798-A0CA-B99575E57F13}.Debug|x86.Build.0 = Debug|Any CPU
		{39DE8587-A96C-4798-A0CA-B99575E57F13}.Release|Any CPU.ActiveCfg = Release|Any CPU
		{39DE8587-A96C-4798-A0CA-B99575E57F13}.Release|Any CPU.Build.0 = Release|Any CPU
		{39DE8587-A96C-4798-A0CA-B99575E57F13}.Release|x64.ActiveCfg = Release|Any CPU
		{39DE8587-A96C-4798-A0CA-B99575E57F13}.Release|x64.Build.0 = Release|Any CPU
		{39DE8587-A96C-4798-A0CA-B99575E57F13}.Release|x86.ActiveCfg = Release|Any CPU
		{39DE8587-A96C-4798-A0CA-B99575E57F13}.Release|x86.Build.0 = Release|Any CPU
	EndGlobalSection
	GlobalSection(SolutionProperties) = preSolution
		HideSolutionNode = FALSE
	EndGlobalSection
	GlobalSection(ExtensibilityGlobals) = postSolution
		SolutionGuid = {81B8CF7A-7C8C-46CF-A698-DE0A51B5AA13}
	EndGlobalSection
	GlobalSection(SharedMSBuildProjectFiles) = preSolution
		SharpNeedle\Source\SharpNeedle.Shared\SharpNeedle.Shared.projitems*{baf1397d-5982-421f-9a71-010bea2a9550}*SharedItemsImports = 5
		SharpNeedle.Shared\SharpNeedle.Shared.projitems*{feaca5a3-e0b1-4d73-9681-4d8b7aa10b22}*SharedItemsImports = 5
	EndGlobalSection
EndGlobal
